
Microsoft Visual Studio Solution File, Format Version 12.00
# Visual Studio 2012
Project("{FAE04EC0-301F-11D3-BF4B-00C04F79EFBC}") = "NetworkInspector", "NetworkInspector\NetworkInspector.csproj", "{BA7104F9-1B8A-425B-A4A2-D56F24EF148D}"
EndProject
Global
	GlobalSection(SolutionConfigurationPlatforms) = preSolution
		Debug|Any CPU = Debug|Any CPU
		Release|Any CPU = Release|Any CPU
	EndGlobalSection
	GlobalSection(ProjectConfigurationPlatforms) = postSolution
		{BA7104F9-1B8A-425B-A4A2-D56F24EF148D}.Debug|Any CPU.ActiveCfg = Debug|Any CPU
		{BA7104F9-1B8A-425B-A4A2-D56F24EF148D}.Debug|Any CPU.Build.0 = Debug|Any CPU
		{BA7104F9-1B8A-425B-A4A2-D56F24EF148D}.Release|Any CPU.ActiveCfg = Release|Any CPU
		{BA7104F9-1B8A-425B-A4A2-D56F24EF148D}.Release|Any CPU.Build.0 = Release|Any CPU
	EndGlobalSection
	GlobalSection(SolutionProperties) = preSolution
		HideSolutionNode = FALSE
	EndGlobalSection
EndGlobal
