
Microsoft Visual Studio Solution File, Format Version 12.00
# Visual Studio 2013
VisualStudioVersion = 12.0.30110.0
MinimumVisualStudioVersion = 10.0.40219.1
Project("{FAE04EC0-301F-11D3-BF4B-00C04F79EFBC}") = "NetworkInspector", "NetworkInspector\NetworkInspector.csproj", "{BA7104F9-1B8A-425B-A4A2-D56F24EF148D}"
EndProject
Project("{2150E333-8FDC-42A3-9474-1A3956D46DE8}") = ".nuget", ".nuget", "{33E9C4D7-8136-4F2E-9C9B-460D8F9813A4}"
	ProjectSection(SolutionItems) = preProject
		.nuget\NuGet.Config = .nuget\NuGet.Config
		.nuget\NuGet.exe = .nuget\NuGet.exe
		.nuget\NuGet.targets = .nuget\NuGet.targets
	EndProjectSection
EndProject
Project("{FAE04EC0-301F-11D3-BF4B-00C04F79EFBC}") = "ConsoleApplication", "ConsoleApplication\ConsoleApplication.csproj", "{41DE3A2E-C2FC-428E-90B6-AB95AAC982CC}"
EndProject
Project("{FAE04EC0-301F-11D3-BF4B-00C04F79EFBC}") = "UnitTests", "UnitTests\UnitTests.csproj", "{A7A9F16E-1C6A-4CF7-A8B5-3B331F5FCBD1}"
EndProject
Project("{2150E333-8FDC-42A3-9474-1A3956D46DE8}") = "ReferencedLibs", "ReferencedLibs", "{698E9B50-C54D-4D90-8801-736E1CBB654F}"
	ProjectSection(SolutionItems) = preProject
		ReferencedLibs\log4net.config = ReferencedLibs\log4net.config
	EndProjectSection
EndProject
Project("{FAE04EC0-301F-11D3-BF4B-00C04F79EFBC}") = "GUIApplication", "GUIApplication\GUIApplication.csproj", "{26D073F7-46BD-482E-B5ED-C5CBD57AF7DE}"
EndProject
Global
	GlobalSection(SolutionConfigurationPlatforms) = preSolution
		Debug|Any CPU = Debug|Any CPU
		Release|Any CPU = Release|Any CPU
	EndGlobalSection
	GlobalSection(ProjectConfigurationPlatforms) = postSolution
		{BA7104F9-1B8A-425B-A4A2-D56F24EF148D}.Debug|Any CPU.ActiveCfg = Debug|Any CPU
		{BA7104F9-1B8A-425B-A4A2-D56F24EF148D}.Debug|Any CPU.Build.0 = Debug|Any CPU
		{BA7104F9-1B8A-425B-A4A2-D56F24EF148D}.Release|Any CPU.ActiveCfg = Release|Any CPU
		{BA7104F9-1B8A-425B-A4A2-D56F24EF148D}.Release|Any CPU.Build.0 = Release|Any CPU
		{41DE3A2E-C2FC-428E-90B6-AB95AAC982CC}.Debug|Any CPU.ActiveCfg = Debug|Any CPU
		{41DE3A2E-C2FC-428E-90B6-AB95AAC982CC}.Debug|Any CPU.Build.0 = Debug|Any CPU
		{41DE3A2E-C2FC-428E-90B6-AB95AAC982CC}.Release|Any CPU.ActiveCfg = Release|Any CPU
		{41DE3A2E-C2FC-428E-90B6-AB95AAC982CC}.Release|Any CPU.Build.0 = Release|Any CPU
		{A7A9F16E-1C6A-4CF7-A8B5-3B331F5FCBD1}.Debug|Any CPU.ActiveCfg = Debug|Any CPU
		{A7A9F16E-1C6A-4CF7-A8B5-3B331F5FCBD1}.Debug|Any CPU.Build.0 = Debug|Any CPU
		{A7A9F16E-1C6A-4CF7-A8B5-3B331F5FCBD1}.Release|Any CPU.ActiveCfg = Release|Any CPU
		{A7A9F16E-1C6A-4CF7-A8B5-3B331F5FCBD1}.Release|Any CPU.Build.0 = Release|Any CPU
		{26D073F7-46BD-482E-B5ED-C5CBD57AF7DE}.Debug|Any CPU.ActiveCfg = Debug|Any CPU
		{26D073F7-46BD-482E-B5ED-C5CBD57AF7DE}.Debug|Any CPU.Build.0 = Debug|Any CPU
		{26D073F7-46BD-482E-B5ED-C5CBD57AF7DE}.Release|Any CPU.ActiveCfg = Release|Any CPU
		{26D073F7-46BD-482E-B5ED-C5CBD57AF7DE}.Release|Any CPU.Build.0 = Release|Any CPU
	EndGlobalSection
	GlobalSection(SolutionProperties) = preSolution
		HideSolutionNode = FALSE
	EndGlobalSection
EndGlobal
